# This file is automatically @generated by Poetry and should not be changed by hand.

[[package]]
name = "lark"
version = "1.1.5"
description = "a modern parsing library"
category = "main"
optional = false
python-versions = "*"
files = [
    {file = "lark-1.1.5-py3-none-any.whl", hash = "sha256:8476f9903e93fbde4f6c327f74d79e9b4bd0ed9294c5dfa3164ab8c581b5de2a"},
    {file = "lark-1.1.5.tar.gz", hash = "sha256:4b534eae1f9af5b4ea000bea95776350befe1981658eea3820a01c37e504bb4d"},
]

[package.extras]
atomic-cache = ["atomicwrites"]
nearley = ["js2py"]
regex = ["regex"]

[metadata]
lock-version = "2.0"
python-versions = "^3.10"
content-hash = "42706971af0c3b989bf83386e189a4cdbfb57ec8fd8299a42d87968ca4acdcc5"
